
Microsoft Visual Studio Solution File, Format Version 12.00
# Visual Studio Version 17
VisualStudioVersion = 17.0.31903.59
MinimumVisualStudioVersion = 10.0.40219.1
Project("{FAE04EC0-301F-11D3-BF4B-00C04F79EFBC}") = "Eraware_Dnn_Templates", "Eraware_Dnn_Templates\Eraware_Dnn_Templates.csproj", "{1AABA73D-8159-4BD7-BD86-F711E9BF8106}"
EndProject
Project("{FAE04EC0-301F-11D3-BF4B-00C04F79EFBC}") = "Eraware_Dnn_Spa_Ef_Di_Stencil", "Eraware_Dnn_Spa_Ef_Di_Stencil\Eraware_Dnn_Spa_Ef_Di_Stencil.csproj", "{6C652B7C-F011-419E-B90D-F75AB49A8F4B}"
EndProject
Project("{2150E333-8FDC-42A3-9474-1A3956D46DE8}") = "SolutionItems", "SolutionItems", "{DC7C1D42-A25F-4B34-8DCB-B4869079B15A}"
	ProjectSection(SolutionItems) = preProject
		LICENSE = LICENSE
	EndProjectSection
EndProject
Global
	GlobalSection(SolutionConfigurationPlatforms) = preSolution
		Debug|Any CPU = Debug|Any CPU
		Release|Any CPU = Release|Any CPU
	EndGlobalSection
	GlobalSection(ProjectConfigurationPlatforms) = postSolution
		{1AABA73D-8159-4BD7-BD86-F711E9BF8106}.Debug|Any CPU.ActiveCfg = Debug|Any CPU
		{1AABA73D-8159-4BD7-BD86-F711E9BF8106}.Debug|Any CPU.Build.0 = Debug|Any CPU
		{1AABA73D-8159-4BD7-BD86-F711E9BF8106}.Release|Any CPU.ActiveCfg = Release|Any CPU
		{1AABA73D-8159-4BD7-BD86-F711E9BF8106}.Release|Any CPU.Build.0 = Release|Any CPU
		{6C652B7C-F011-419E-B90D-F75AB49A8F4B}.Debug|Any CPU.ActiveCfg = Debug|Any CPU
		{6C652B7C-F011-419E-B90D-F75AB49A8F4B}.Debug|Any CPU.Build.0 = Debug|Any CPU
		{6C652B7C-F011-419E-B90D-F75AB49A8F4B}.Release|Any CPU.ActiveCfg = Release|Any CPU
		{6C652B7C-F011-419E-B90D-F75AB49A8F4B}.Release|Any CPU.Build.0 = Release|Any CPU
	EndGlobalSection
	GlobalSection(SolutionProperties) = preSolution
		HideSolutionNode = FALSE
	EndGlobalSection
	GlobalSection(ExtensibilityGlobals) = postSolution
		SolutionGuid = {E470FFA0-1FBA-4A74-BF72-3C795EF90BB8}
	EndGlobalSection
EndGlobal
